
Microsoft Visual Studio Solution File, Format Version 12.00
# Visual Studio Version 17
VisualStudioVersion = 17.11.35327.3
MinimumVisualStudioVersion = 10.0.40219.1
Project("{FAE04EC0-301F-11D3-BF4B-00C04F79EFBC}") = "DomainLayer", "DomainLayer\DomainLayer.csproj", "{6F4B534F-73B4-4CAD-B190-444076BE2D20}"
EndProject
Project("{FAE04EC0-301F-11D3-BF4B-00C04F79EFBC}") = "ApplicationLayer", "ApplicationLayer\ApplicationLayer.csproj", "{D6844F2D-CC16-443D-9D49-C2AC549D4E5D}"
EndProject
Project("{2150E333-8FDC-42A3-9474-1A3956D46DE8}") = "PresentationLayer", "PresentationLayer", "{F4A749B2-36F2-4CDC-A3E4-BD39E6BC012D}"
EndProject
Project("{FAE04EC0-301F-11D3-BF4B-00C04F79EFBC}") = "WebAPI", "WebAPI\WebAPI.csproj", "{5CDE4C51-A39F-4E3D-94D6-EDDB3BA81142}"
EndProject
Project("{FAE04EC0-301F-11D3-BF4B-00C04F79EFBC}") = "WebAssembly", "WebAssembly\WebAssembly.csproj", "{C3D6FA20-12D5-4C8F-BA5C-73535AC8438E}"
EndProject
Project("{FAE04EC0-301F-11D3-BF4B-00C04F79EFBC}") = "InfrastructureLayer", "InfrastructureLayer\InfrastructureLayer.csproj", "{9FCE2476-3C9C-4901-A867-D5552253B6EC}"
EndProject
Global
	GlobalSection(SolutionConfigurationPlatforms) = preSolution
		Debug|Any CPU = Debug|Any CPU
		Release|Any CPU = Release|Any CPU
	EndGlobalSection
	GlobalSection(ProjectConfigurationPlatforms) = postSolution
		{6F4B534F-73B4-4CAD-B190-444076BE2D20}.Debug|Any CPU.ActiveCfg = Debug|Any CPU
		{6F4B534F-73B4-4CAD-B190-444076BE2D20}.Debug|Any CPU.Build.0 = Debug|Any CPU
		{6F4B534F-73B4-4CAD-B190-444076BE2D20}.Release|Any CPU.ActiveCfg = Release|Any CPU
		{6F4B534F-73B4-4CAD-B190-444076BE2D20}.Release|Any CPU.Build.0 = Release|Any CPU
		{D6844F2D-CC16-443D-9D49-C2AC549D4E5D}.Debug|Any CPU.ActiveCfg = Debug|Any CPU
		{D6844F2D-CC16-443D-9D49-C2AC549D4E5D}.Debug|Any CPU.Build.0 = Debug|Any CPU
		{D6844F2D-CC16-443D-9D49-C2AC549D4E5D}.Release|Any CPU.ActiveCfg = Release|Any CPU
		{D6844F2D-CC16-443D-9D49-C2AC549D4E5D}.Release|Any CPU.Build.0 = Release|Any CPU
		{5CDE4C51-A39F-4E3D-94D6-EDDB3BA81142}.Debug|Any CPU.ActiveCfg = Debug|Any CPU
		{5CDE4C51-A39F-4E3D-94D6-EDDB3BA81142}.Debug|Any CPU.Build.0 = Debug|Any CPU
		{5CDE4C51-A39F-4E3D-94D6-EDDB3BA81142}.Release|Any CPU.ActiveCfg = Release|Any CPU
		{5CDE4C51-A39F-4E3D-94D6-EDDB3BA81142}.Release|Any CPU.Build.0 = Release|Any CPU
		{C3D6FA20-12D5-4C8F-BA5C-73535AC8438E}.Debug|Any CPU.ActiveCfg = Debug|Any CPU
		{C3D6FA20-12D5-4C8F-BA5C-73535AC8438E}.Debug|Any CPU.Build.0 = Debug|Any CPU
		{C3D6FA20-12D5-4C8F-BA5C-73535AC8438E}.Release|Any CPU.ActiveCfg = Release|Any CPU
		{C3D6FA20-12D5-4C8F-BA5C-73535AC8438E}.Release|Any CPU.Build.0 = Release|Any CPU
		{9FCE2476-3C9C-4901-A867-D5552253B6EC}.Debug|Any CPU.ActiveCfg = Debug|Any CPU
		{9FCE2476-3C9C-4901-A867-D5552253B6EC}.Debug|Any CPU.Build.0 = Debug|Any CPU
		{9FCE2476-3C9C-4901-A867-D5552253B6EC}.Release|Any CPU.ActiveCfg = Release|Any CPU
		{9FCE2476-3C9C-4901-A867-D5552253B6EC}.Release|Any CPU.Build.0 = Release|Any CPU
	EndGlobalSection
	GlobalSection(SolutionProperties) = preSolution
		HideSolutionNode = FALSE
	EndGlobalSection
	GlobalSection(NestedProjects) = preSolution
		{5CDE4C51-A39F-4E3D-94D6-EDDB3BA81142} = {F4A749B2-36F2-4CDC-A3E4-BD39E6BC012D}
		{C3D6FA20-12D5-4C8F-BA5C-73535AC8438E} = {F4A749B2-36F2-4CDC-A3E4-BD39E6BC012D}
	EndGlobalSection
	GlobalSection(ExtensibilityGlobals) = postSolution
		SolutionGuid = {C97262E9-A77E-4E40-BDC1-20A3B7B6AEEE}
	EndGlobalSection
EndGlobal
